
Microsoft Visual Studio Solution File, Format Version 12.00
Project("{FAE04EC0-301F-11D3-BF4B-00C04F79EFBC}") = "Domain", "Domain\Domain.csproj", "{EAED47CB-A87B-4D44-B208-B067081DDB28}"
EndProject
Project("{FAE04EC0-301F-11D3-BF4B-00C04F79EFBC}") = "Application", "Application\Application.csproj", "{462EC307-E9DE-4BB6-817F-0418DF0F668E}"
EndProject
Project("{FAE04EC0-301F-11D3-BF4B-00C04F79EFBC}") = "Infrastructure", "Infrastructure\Infrastructure.csproj", "{E066D254-FAA5-446A-8DC4-8892DADB0637}"
EndProject
Project("{FAE04EC0-301F-11D3-BF4B-00C04F79EFBC}") = "Presentation", "Presentation\Presentation.csproj", "{A92B56EB-E927-4232-811B-D0FA410BE9DB}"
EndProject
Global
	GlobalSection(SolutionConfigurationPlatforms) = preSolution
		Debug|Any CPU = Debug|Any CPU
		Release|Any CPU = Release|Any CPU
	EndGlobalSection
	GlobalSection(ProjectConfigurationPlatforms) = postSolution
		{EAED47CB-A87B-4D44-B208-B067081DDB28}.Debug|Any CPU.ActiveCfg = Debug|Any CPU
		{EAED47CB-A87B-4D44-B208-B067081DDB28}.Debug|Any CPU.Build.0 = Debug|Any CPU
		{EAED47CB-A87B-4D44-B208-B067081DDB28}.Release|Any CPU.ActiveCfg = Release|Any CPU
		{EAED47CB-A87B-4D44-B208-B067081DDB28}.Release|Any CPU.Build.0 = Release|Any CPU
		{462EC307-E9DE-4BB6-817F-0418DF0F668E}.Debug|Any CPU.ActiveCfg = Debug|Any CPU
		{462EC307-E9DE-4BB6-817F-0418DF0F668E}.Debug|Any CPU.Build.0 = Debug|Any CPU
		{462EC307-E9DE-4BB6-817F-0418DF0F668E}.Release|Any CPU.ActiveCfg = Release|Any CPU
		{462EC307-E9DE-4BB6-817F-0418DF0F668E}.Release|Any CPU.Build.0 = Release|Any CPU
		{E066D254-FAA5-446A-8DC4-8892DADB0637}.Debug|Any CPU.ActiveCfg = Debug|Any CPU
		{E066D254-FAA5-446A-8DC4-8892DADB0637}.Debug|Any CPU.Build.0 = Debug|Any CPU
		{E066D254-FAA5-446A-8DC4-8892DADB0637}.Release|Any CPU.ActiveCfg = Release|Any CPU
		{E066D254-FAA5-446A-8DC4-8892DADB0637}.Release|Any CPU.Build.0 = Release|Any CPU
		{A92B56EB-E927-4232-811B-D0FA410BE9DB}.Debug|Any CPU.ActiveCfg = Debug|Any CPU
		{A92B56EB-E927-4232-811B-D0FA410BE9DB}.Debug|Any CPU.Build.0 = Debug|Any CPU
		{A92B56EB-E927-4232-811B-D0FA410BE9DB}.Release|Any CPU.ActiveCfg = Release|Any CPU
		{A92B56EB-E927-4232-811B-D0FA410BE9DB}.Release|Any CPU.Build.0 = Release|Any CPU
	EndGlobalSection
EndGlobal
